// !$*UTF8*$!
{
	archiveVersion = 1;
	classes = {
	};
	objectVersion = 50;
	objects = {

/* Begin PBXBuildFile section */
		190679F5268E0EDC004C6FEC /* WidgetKit.framework in Frameworks */ = {isa = PBXBuildFile; fileRef = 19340CE92680BE5E00E88186 /* WidgetKit.framework */; };
		190679F6268E0EDC004C6FEC /* SwiftUI.framework in Frameworks */ = {isa = PBXBuildFile; fileRef = 19340CEB2680BE5E00E88186 /* SwiftUI.framework */; };
		190679FC268E0EDE004C6FEC /* Assets.xcassets in Resources */ = {isa = PBXBuildFile; fileRef = 190679FB268E0EDE004C6FEC /* Assets.xcassets */; };
		19067A02268E0EDE004C6FEC /* BoxOffice iOS Widgets.appex in Embed App Extensions */ = {isa = PBXBuildFile; fileRef = 190679F4268E0EDC004C6FEC /* BoxOffice iOS Widgets.appex */; settings = {ATTRIBUTES = (RemoveHeadersOnCopy, ); }; };
		19067A06268E0F81004C6FEC /* SampleWidget.swift in Sources */ = {isa = PBXBuildFile; fileRef = 190679EE268E0B4D004C6FEC /* SampleWidget.swift */; };
		19067A07268E0F81004C6FEC /* BoxOfficeWidgetBundle.swift in Sources */ = {isa = PBXBuildFile; fileRef = 190679EB268E0AF0004C6FEC /* BoxOfficeWidgetBundle.swift */; };
		1916394C2358589C002B9EC1 /* StarType.swift in Sources */ = {isa = PBXBuildFile; fileRef = 1916394B2358589C002B9EC1 /* StarType.swift */; };
		191639502358C68D002B9EC1 /* StarRatingBar.swift in Sources */ = {isa = PBXBuildFile; fileRef = 1916394F2358C68D002B9EC1 /* StarRatingBar.swift */; };
		1916395223594BA3002B9EC1 /* DateFormatter+.swift in Sources */ = {isa = PBXBuildFile; fileRef = 1916395123594BA3002B9EC1 /* DateFormatter+.swift */; };
		19163954235956A6002B9EC1 /* CommentPostingResponseModel.swift in Sources */ = {isa = PBXBuildFile; fileRef = 19163953235956A6002B9EC1 /* CommentPostingResponseModel.swift */; };
		191E19F32357371D00D8963A /* MovieMainView.swift in Sources */ = {isa = PBXBuildFile; fileRef = 191E19F22357371D00D8963A /* MovieMainView.swift */; };
		191E19F52357371E00D8963A /* Assets.xcassets in Resources */ = {isa = PBXBuildFile; fileRef = 191E19F42357371E00D8963A /* Assets.xcassets */; };
		191E19F82357371E00D8963A /* Preview Assets.xcassets in Resources */ = {isa = PBXBuildFile; fileRef = 191E19F72357371E00D8963A /* Preview Assets.xcassets */; };
		191E1A032357396000D8963A /* MovieMainViewModel.swift in Sources */ = {isa = PBXBuildFile; fileRef = 191E1A022357396000D8963A /* MovieMainViewModel.swift */; };
		191E1A052357396900D8963A /* MovieDetailView.swift in Sources */ = {isa = PBXBuildFile; fileRef = 191E1A042357396900D8963A /* MovieDetailView.swift */; };
		191E1A072357396E00D8963A /* MovieDetailViewModel.swift in Sources */ = {isa = PBXBuildFile; fileRef = 191E1A062357396E00D8963A /* MovieDetailViewModel.swift */; };
		191E1A092357397800D8963A /* CommentPostingView.swift in Sources */ = {isa = PBXBuildFile; fileRef = 191E1A082357397800D8963A /* CommentPostingView.swift */; };
		191E1A0B2357397E00D8963A /* CommentPostingViewModel.swift in Sources */ = {isa = PBXBuildFile; fileRef = 191E1A0A2357397E00D8963A /* CommentPostingViewModel.swift */; };
		191E1A0D235739D700D8963A /* MoviesResponseModel.swift in Sources */ = {isa = PBXBuildFile; fileRef = 191E1A0C235739D700D8963A /* MoviesResponseModel.swift */; };
		191E1A0F235739DE00D8963A /* MovieDetailResponseModel.swift in Sources */ = {isa = PBXBuildFile; fileRef = 191E1A0E235739DE00D8963A /* MovieDetailResponseModel.swift */; };
		191E1A1123573BB600D8963A /* CommentsResponseModel.swift in Sources */ = {isa = PBXBuildFile; fileRef = 191E1A1023573BB600D8963A /* CommentsResponseModel.swift */; };
		191E1A1323573C2100D8963A /* Comment.swift in Sources */ = {isa = PBXBuildFile; fileRef = 191E1A1223573C2100D8963A /* Comment.swift */; };
		191E1A152357461800D8963A /* APIService.swift in Sources */ = {isa = PBXBuildFile; fileRef = 191E1A142357461800D8963A /* APIService.swift */; };
		191E1A172357552000D8963A /* SortMethod.swift in Sources */ = {isa = PBXBuildFile; fileRef = 191E1A162357552000D8963A /* SortMethod.swift */; };
		191E1A1F2357725200D8963A /* Grade.swift in Sources */ = {isa = PBXBuildFile; fileRef = 191E1A1E2357725200D8963A /* Grade.swift */; };
		192103C7269ABE650063AA78 /* DIContainer.swift in Sources */ = {isa = PBXBuildFile; fileRef = 192103C6269ABE650063AA78 /* DIContainer.swift */; };
		192103C9269AD0C00063AA78 /* MovieMainViewNavigationBarStyle.swift in Sources */ = {isa = PBXBuildFile; fileRef = 192103C8269AD0C00063AA78 /* MovieMainViewNavigationBarStyle.swift */; };
		192103CD269AE9330063AA78 /* CircularProgressView.swift in Sources */ = {isa = PBXBuildFile; fileRef = 192103CC269AE9330063AA78 /* CircularProgressView.swift */; };
		19340CB42680B42700E88186 /* APIError.swift in Sources */ = {isa = PBXBuildFile; fileRef = 19340CB32680B42700E88186 /* APIError.swift */; };
		19340CB62680BC6E00E88186 /* BoxOfficeApp.swift in Sources */ = {isa = PBXBuildFile; fileRef = 19340CB52680BC6E00E88186 /* BoxOfficeApp.swift */; };
		1984CB52235F59E800E4B20E /* MovieRetryView.swift in Sources */ = {isa = PBXBuildFile; fileRef = 1984CB51235F59E800E4B20E /* MovieRetryView.swift */; };
		1984CB54235F610900E4B20E /* MultipleSpacer.swift in Sources */ = {isa = PBXBuildFile; fileRef = 1984CB53235F610900E4B20E /* MultipleSpacer.swift */; };
		1984CB562360116300E4B20E /* HTTPMethod.swift in Sources */ = {isa = PBXBuildFile; fileRef = 1984CB552360116300E4B20E /* HTTPMethod.swift */; };
		1984CB58236018DF00E4B20E /* NetworkManager.swift in Sources */ = {isa = PBXBuildFile; fileRef = 1984CB57236018DF00E4B20E /* NetworkManager.swift */; };
		1984CB5A23601B5B00E4B20E /* Target.swift in Sources */ = {isa = PBXBuildFile; fileRef = 1984CB5923601B5B00E4B20E /* Target.swift */; };
		1984CB5E23601BD000E4B20E /* TargetVersion.swift in Sources */ = {isa = PBXBuildFile; fileRef = 1984CB5D23601BD000E4B20E /* TargetVersion.swift */; };
		1984CB612360227F00E4B20E /* MoviesTarget.swift in Sources */ = {isa = PBXBuildFile; fileRef = 1984CB602360227F00E4B20E /* MoviesTarget.swift */; };
		1984CB632360228500E4B20E /* MovieTarget.swift in Sources */ = {isa = PBXBuildFile; fileRef = 1984CB622360228500E4B20E /* MovieTarget.swift */; };
		1984CB652360228B00E4B20E /* CommentsTarget.swift in Sources */ = {isa = PBXBuildFile; fileRef = 1984CB642360228B00E4B20E /* CommentsTarget.swift */; };
		1984CB672360229000E4B20E /* CommentPostingTarget.swift in Sources */ = {isa = PBXBuildFile; fileRef = 1984CB662360229000E4B20E /* CommentPostingTarget.swift */; };
		1984CB69236023FE00E4B20E /* Cache.swift in Sources */ = {isa = PBXBuildFile; fileRef = 1984CB68236023FE00E4B20E /* Cache.swift */; };
		1998CA9D24AB2679003D592A /* Text+.swift in Sources */ = {isa = PBXBuildFile; fileRef = 1998CA9C24AB2679003D592A /* Text+.swift */; };
		1998CA9F24AB6557003D592A /* NumberFormatter+.swift in Sources */ = {isa = PBXBuildFile; fileRef = 1998CA9E24AB6557003D592A /* NumberFormatter+.swift */; };
		19F9B92E24A8E98800CAAB28 /* MovieListView.swift in Sources */ = {isa = PBXBuildFile; fileRef = 19F9B92D24A8E98800CAAB28 /* MovieListView.swift */; };
		19F9B93024A8EA9B00CAAB28 /* MovieListItemView.swift in Sources */ = {isa = PBXBuildFile; fileRef = 19F9B92F24A8EA9B00CAAB28 /* MovieListItemView.swift */; };
		19F9B93224A8EC4000CAAB28 /* MovieListItemViewModel.swift in Sources */ = {isa = PBXBuildFile; fileRef = 19F9B93124A8EC4000CAAB28 /* MovieListItemViewModel.swift */; };
		19F9B93424A8FCF500CAAB28 /* MovieGridView.swift in Sources */ = {isa = PBXBuildFile; fileRef = 19F9B93324A8FCF500CAAB28 /* MovieGridView.swift */; };
		19F9B93624A8FD0000CAAB28 /* MovieGridItemView.swift in Sources */ = {isa = PBXBuildFile; fileRef = 19F9B93524A8FD0000CAAB28 /* MovieGridItemView.swift */; };
		19F9B93824A8FD0A00CAAB28 /* MovieGridItemViewModel.swift in Sources */ = {isa = PBXBuildFile; fileRef = 19F9B93724A8FD0A00CAAB28 /* MovieGridItemViewModel.swift */; };
		19F9B93D24AA39D100CAAB28 /* PosterImage.swift in Sources */ = {isa = PBXBuildFile; fileRef = 19F9B93C24AA39D000CAAB28 /* PosterImage.swift */; };
		19FABE402680CFBA00810611 /* MockAPIService.swift in Sources */ = {isa = PBXBuildFile; fileRef = 19FABE3F2680CFBA00810611 /* MockAPIService.swift */; };
		19FABE432680CFD800810611 /* APIServiceProtocol.swift in Sources */ = {isa = PBXBuildFile; fileRef = 19FABE422680CFD800810611 /* APIServiceProtocol.swift */; };
		19FABE462680D02B00810611 /* NetworkManagerProtocol.swift in Sources */ = {isa = PBXBuildFile; fileRef = 19FABE452680D02B00810611 /* NetworkManagerProtocol.swift */; };
		19FABE482680D04200810611 /* MockNetworkManager.swift in Sources */ = {isa = PBXBuildFile; fileRef = 19FABE472680D04200810611 /* MockNetworkManager.swift */; };
/* End PBXBuildFile section */

/* Begin PBXContainerItemProxy section */
		19067A00268E0EDE004C6FEC /* PBXContainerItemProxy */ = {
			isa = PBXContainerItemProxy;
			containerPortal = 191E19E32357371D00D8963A /* Project object */;
			proxyType = 1;
			remoteGlobalIDString = 190679F3268E0EDC004C6FEC;
			remoteInfo = "ios-widgetsExtension";
		};
/* End PBXContainerItemProxy section */

/* Begin PBXCopyFilesBuildPhase section */
		19340CCE2680BE3C00E88186 /* Embed App Clips */ = {
			isa = PBXCopyFilesBuildPhase;
			buildActionMask = 2147483647;
			dstPath = "$(CONTENTS_FOLDER_PATH)/AppClips";
			dstSubfolderSpec = 16;
			files = (
			);
			name = "Embed App Clips";
			runOnlyForDeploymentPostprocessing = 0;
		};
		19340CFC2680BE5F00E88186 /* Embed App Extensions */ = {
			isa = PBXCopyFilesBuildPhase;
			buildActionMask = 2147483647;
			dstPath = "";
			dstSubfolderSpec = 13;
			files = (
				19067A02268E0EDE004C6FEC /* BoxOffice iOS Widgets.appex in Embed App Extensions */,
			);
			name = "Embed App Extensions";
			runOnlyForDeploymentPostprocessing = 0;
		};
/* End PBXCopyFilesBuildPhase section */

/* Begin PBXFileReference section */
		190679EB268E0AF0004C6FEC /* BoxOfficeWidgetBundle.swift */ = {isa = PBXFileReference; lastKnownFileType = sourcecode.swift; path = BoxOfficeWidgetBundle.swift; sourceTree = "<group>"; };
		190679EE268E0B4D004C6FEC /* SampleWidget.swift */ = {isa = PBXFileReference; lastKnownFileType = sourcecode.swift; path = SampleWidget.swift; sourceTree = "<group>"; };
		190679F4268E0EDC004C6FEC /* BoxOffice iOS Widgets.appex */ = {isa = PBXFileReference; explicitFileType = "wrapper.app-extension"; includeInIndex = 0; path = "BoxOffice iOS Widgets.appex"; sourceTree = BUILT_PRODUCTS_DIR; };
		190679FB268E0EDE004C6FEC /* Assets.xcassets */ = {isa = PBXFileReference; lastKnownFileType = folder.assetcatalog; path = Assets.xcassets; sourceTree = "<group>"; };
		190679FD268E0EDE004C6FEC /* Info.plist */ = {isa = PBXFileReference; lastKnownFileType = text.plist.xml; path = Info.plist; sourceTree = "<group>"; };
		1916394B2358589C002B9EC1 /* StarType.swift */ = {isa = PBXFileReference; lastKnownFileType = sourcecode.swift; path = StarType.swift; sourceTree = "<group>"; };
		1916394F2358C68D002B9EC1 /* StarRatingBar.swift */ = {isa = PBXFileReference; lastKnownFileType = sourcecode.swift; path = StarRatingBar.swift; sourceTree = "<group>"; };
		1916395123594BA3002B9EC1 /* DateFormatter+.swift */ = {isa = PBXFileReference; lastKnownFileType = sourcecode.swift; path = "DateFormatter+.swift"; sourceTree = "<group>"; };
		19163953235956A6002B9EC1 /* CommentPostingResponseModel.swift */ = {isa = PBXFileReference; lastKnownFileType = sourcecode.swift; path = CommentPostingResponseModel.swift; sourceTree = "<group>"; };
		191E19EB2357371D00D8963A /* BoxOffice.app */ = {isa = PBXFileReference; explicitFileType = wrapper.application; includeInIndex = 0; path = BoxOffice.app; sourceTree = BUILT_PRODUCTS_DIR; };
		191E19F22357371D00D8963A /* MovieMainView.swift */ = {isa = PBXFileReference; lastKnownFileType = sourcecode.swift; path = MovieMainView.swift; sourceTree = "<group>"; };
		191E19F42357371E00D8963A /* Assets.xcassets */ = {isa = PBXFileReference; lastKnownFileType = folder.assetcatalog; path = Assets.xcassets; sourceTree = "<group>"; };
		191E19F72357371E00D8963A /* Preview Assets.xcassets */ = {isa = PBXFileReference; lastKnownFileType = folder.assetcatalog; path = "Preview Assets.xcassets"; sourceTree = "<group>"; };
		191E19FC2357371E00D8963A /* Info.plist */ = {isa = PBXFileReference; lastKnownFileType = text.plist.xml; path = Info.plist; sourceTree = "<group>"; };
		191E1A022357396000D8963A /* MovieMainViewModel.swift */ = {isa = PBXFileReference; lastKnownFileType = sourcecode.swift; path = MovieMainViewModel.swift; sourceTree = "<group>"; };
		191E1A042357396900D8963A /* MovieDetailView.swift */ = {isa = PBXFileReference; lastKnownFileType = sourcecode.swift; path = MovieDetailView.swift; sourceTree = "<group>"; };
		191E1A062357396E00D8963A /* MovieDetailViewModel.swift */ = {isa = PBXFileReference; lastKnownFileType = sourcecode.swift; path = MovieDetailViewModel.swift; sourceTree = "<group>"; };
		191E1A082357397800D8963A /* CommentPostingView.swift */ = {isa = PBXFileReference; lastKnownFileType = sourcecode.swift; path = CommentPostingView.swift; sourceTree = "<group>"; };
		191E1A0A2357397E00D8963A /* CommentPostingViewModel.swift */ = {isa = PBXFileReference; lastKnownFileType = sourcecode.swift; path = CommentPostingViewModel.swift; sourceTree = "<group>"; };
		191E1A0C235739D700D8963A /* MoviesResponseModel.swift */ = {isa = PBXFileReference; lastKnownFileType = sourcecode.swift; path = MoviesResponseModel.swift; sourceTree = "<group>"; };
		191E1A0E235739DE00D8963A /* MovieDetailResponseModel.swift */ = {isa = PBXFileReference; lastKnownFileType = sourcecode.swift; path = MovieDetailResponseModel.swift; sourceTree = "<group>"; };
		191E1A1023573BB600D8963A /* CommentsResponseModel.swift */ = {isa = PBXFileReference; lastKnownFileType = sourcecode.swift; path = CommentsResponseModel.swift; sourceTree = "<group>"; };
		191E1A1223573C2100D8963A /* Comment.swift */ = {isa = PBXFileReference; lastKnownFileType = sourcecode.swift; path = Comment.swift; sourceTree = "<group>"; };
		191E1A142357461800D8963A /* APIService.swift */ = {isa = PBXFileReference; lastKnownFileType = sourcecode.swift; path = APIService.swift; sourceTree = "<group>"; };
		191E1A162357552000D8963A /* SortMethod.swift */ = {isa = PBXFileReference; lastKnownFileType = sourcecode.swift; path = SortMethod.swift; sourceTree = "<group>"; };
		191E1A1E2357725200D8963A /* Grade.swift */ = {isa = PBXFileReference; lastKnownFileType = sourcecode.swift; path = Grade.swift; sourceTree = "<group>"; };
		192103C6269ABE650063AA78 /* DIContainer.swift */ = {isa = PBXFileReference; lastKnownFileType = sourcecode.swift; path = DIContainer.swift; sourceTree = "<group>"; };
		192103C8269AD0C00063AA78 /* MovieMainViewNavigationBarStyle.swift */ = {isa = PBXFileReference; lastKnownFileType = sourcecode.swift; path = MovieMainViewNavigationBarStyle.swift; sourceTree = "<group>"; };
		192103CC269AE9330063AA78 /* CircularProgressView.swift */ = {isa = PBXFileReference; lastKnownFileType = sourcecode.swift; path = CircularProgressView.swift; sourceTree = "<group>"; };
		19340CB32680B42700E88186 /* APIError.swift */ = {isa = PBXFileReference; lastKnownFileType = sourcecode.swift; path = APIError.swift; sourceTree = "<group>"; };
		19340CB52680BC6E00E88186 /* BoxOfficeApp.swift */ = {isa = PBXFileReference; lastKnownFileType = sourcecode.swift; path = BoxOfficeApp.swift; sourceTree = "<group>"; };
		19340CE92680BE5E00E88186 /* WidgetKit.framework */ = {isa = PBXFileReference; lastKnownFileType = wrapper.framework; name = WidgetKit.framework; path = System/Library/Frameworks/WidgetKit.framework; sourceTree = SDKROOT; };
		19340CEB2680BE5E00E88186 /* SwiftUI.framework */ = {isa = PBXFileReference; lastKnownFileType = wrapper.framework; name = SwiftUI.framework; path = System/Library/Frameworks/SwiftUI.framework; sourceTree = SDKROOT; };
		1984CB51235F59E800E4B20E /* MovieRetryView.swift */ = {isa = PBXFileReference; lastKnownFileType = sourcecode.swift; path = MovieRetryView.swift; sourceTree = "<group>"; };
		1984CB53235F610900E4B20E /* MultipleSpacer.swift */ = {isa = PBXFileReference; lastKnownFileType = sourcecode.swift; path = MultipleSpacer.swift; sourceTree = "<group>"; };
		1984CB552360116300E4B20E /* HTTPMethod.swift */ = {isa = PBXFileReference; lastKnownFileType = sourcecode.swift; path = HTTPMethod.swift; sourceTree = "<group>"; };
		1984CB57236018DF00E4B20E /* NetworkManager.swift */ = {isa = PBXFileReference; lastKnownFileType = sourcecode.swift; path = NetworkManager.swift; sourceTree = "<group>"; };
		1984CB5923601B5B00E4B20E /* Target.swift */ = {isa = PBXFileReference; lastKnownFileType = sourcecode.swift; path = Target.swift; sourceTree = "<group>"; };
		1984CB5D23601BD000E4B20E /* TargetVersion.swift */ = {isa = PBXFileReference; lastKnownFileType = sourcecode.swift; path = TargetVersion.swift; sourceTree = "<group>"; };
		1984CB602360227F00E4B20E /* MoviesTarget.swift */ = {isa = PBXFileReference; lastKnownFileType = sourcecode.swift; path = MoviesTarget.swift; sourceTree = "<group>"; };
		1984CB622360228500E4B20E /* MovieTarget.swift */ = {isa = PBXFileReference; lastKnownFileType = sourcecode.swift; path = MovieTarget.swift; sourceTree = "<group>"; };
		1984CB642360228B00E4B20E /* CommentsTarget.swift */ = {isa = PBXFileReference; lastKnownFileType = sourcecode.swift; path = CommentsTarget.swift; sourceTree = "<group>"; };
		1984CB662360229000E4B20E /* CommentPostingTarget.swift */ = {isa = PBXFileReference; lastKnownFileType = sourcecode.swift; path = CommentPostingTarget.swift; sourceTree = "<group>"; };
		1984CB68236023FE00E4B20E /* Cache.swift */ = {isa = PBXFileReference; lastKnownFileType = sourcecode.swift; path = Cache.swift; sourceTree = "<group>"; };
		1998CA9C24AB2679003D592A /* Text+.swift */ = {isa = PBXFileReference; lastKnownFileType = sourcecode.swift; path = "Text+.swift"; sourceTree = "<group>"; };
		1998CA9E24AB6557003D592A /* NumberFormatter+.swift */ = {isa = PBXFileReference; lastKnownFileType = sourcecode.swift; path = "NumberFormatter+.swift"; sourceTree = "<group>"; };
		19F9B92D24A8E98800CAAB28 /* MovieListView.swift */ = {isa = PBXFileReference; lastKnownFileType = sourcecode.swift; path = MovieListView.swift; sourceTree = "<group>"; };
		19F9B92F24A8EA9B00CAAB28 /* MovieListItemView.swift */ = {isa = PBXFileReference; lastKnownFileType = sourcecode.swift; path = MovieListItemView.swift; sourceTree = "<group>"; };
		19F9B93124A8EC4000CAAB28 /* MovieListItemViewModel.swift */ = {isa = PBXFileReference; lastKnownFileType = sourcecode.swift; path = MovieListItemViewModel.swift; sourceTree = "<group>"; };
		19F9B93324A8FCF500CAAB28 /* MovieGridView.swift */ = {isa = PBXFileReference; lastKnownFileType = sourcecode.swift; path = MovieGridView.swift; sourceTree = "<group>"; };
		19F9B93524A8FD0000CAAB28 /* MovieGridItemView.swift */ = {isa = PBXFileReference; lastKnownFileType = sourcecode.swift; path = MovieGridItemView.swift; sourceTree = "<group>"; };
		19F9B93724A8FD0A00CAAB28 /* MovieGridItemViewModel.swift */ = {isa = PBXFileReference; lastKnownFileType = sourcecode.swift; path = MovieGridItemViewModel.swift; sourceTree = "<group>"; };
		19F9B93C24AA39D000CAAB28 /* PosterImage.swift */ = {isa = PBXFileReference; lastKnownFileType = sourcecode.swift; path = PosterImage.swift; sourceTree = "<group>"; };
		19FABE3F2680CFBA00810611 /* MockAPIService.swift */ = {isa = PBXFileReference; lastKnownFileType = sourcecode.swift; path = MockAPIService.swift; sourceTree = "<group>"; };
		19FABE422680CFD800810611 /* APIServiceProtocol.swift */ = {isa = PBXFileReference; lastKnownFileType = sourcecode.swift; path = APIServiceProtocol.swift; sourceTree = "<group>"; };
		19FABE452680D02B00810611 /* NetworkManagerProtocol.swift */ = {isa = PBXFileReference; lastKnownFileType = sourcecode.swift; path = NetworkManagerProtocol.swift; sourceTree = "<group>"; };
		19FABE472680D04200810611 /* MockNetworkManager.swift */ = {isa = PBXFileReference; lastKnownFileType = sourcecode.swift; path = MockNetworkManager.swift; sourceTree = "<group>"; };
/* End PBXFileReference section */

/* Begin PBXFrameworksBuildPhase section */
		190679F1268E0EDC004C6FEC /* Frameworks */ = {
			isa = PBXFrameworksBuildPhase;
			buildActionMask = 2147483647;
			files = (
				190679F6268E0EDC004C6FEC /* SwiftUI.framework in Frameworks */,
				190679F5268E0EDC004C6FEC /* WidgetKit.framework in Frameworks */,
			);
			runOnlyForDeploymentPostprocessing = 0;
		};
		191E19E82357371D00D8963A /* Frameworks */ = {
			isa = PBXFrameworksBuildPhase;
			buildActionMask = 2147483647;
			files = (
			);
			runOnlyForDeploymentPostprocessing = 0;
		};
/* End PBXFrameworksBuildPhase section */

/* Begin PBXGroup section */
		190679F7268E0EDC004C6FEC /* iOS Widgets */ = {
			isa = PBXGroup;
			children = (
				190679EB268E0AF0004C6FEC /* BoxOfficeWidgetBundle.swift */,
				190679EE268E0B4D004C6FEC /* SampleWidget.swift */,
				190679FB268E0EDE004C6FEC /* Assets.xcassets */,
				190679FD268E0EDE004C6FEC /* Info.plist */,
			);
			path = "iOS Widgets";
			sourceTree = "<group>";
		};
		1916394123584AFC002B9EC1 /* Sources */ = {
			isa = PBXGroup;
			children = (
				1916394723585305002B9EC1 /* Extension */,
				19163946235852F0002B9EC1 /* Network */,
				19163945235852ED002B9EC1 /* Model */,
				19163944235852EA002B9EC1 /* View */,
				19163943235852E6002B9EC1 /* Common */,
			);
			path = Sources;
			sourceTree = "<group>";
		};
		1916394223584B00002B9EC1 /* Resources */ = {
			isa = PBXGroup;
			children = (
				191E19F42357371E00D8963A /* Assets.xcassets */,
				191E19F62357371E00D8963A /* Preview Content */,
			);
			path = Resources;
			sourceTree = "<group>";
		};
		19163943235852E6002B9EC1 /* Common */ = {
			isa = PBXGroup;
			children = (
				191E1A1E2357725200D8963A /* Grade.swift */,
				191E1A162357552000D8963A /* SortMethod.swift */,
				1916394B2358589C002B9EC1 /* StarType.swift */,
				1984CB68236023FE00E4B20E /* Cache.swift */,
				192103C6269ABE650063AA78 /* DIContainer.swift */,
			);
			path = Common;
			sourceTree = "<group>";
		};
		19163944235852EA002B9EC1 /* View */ = {
			isa = PBXGroup;
			children = (
				191E19F22357371D00D8963A /* MovieMainView.swift */,
				191E1A022357396000D8963A /* MovieMainViewModel.swift */,
				19F9B92D24A8E98800CAAB28 /* MovieListView.swift */,
				19F9B92F24A8EA9B00CAAB28 /* MovieListItemView.swift */,
				19F9B93124A8EC4000CAAB28 /* MovieListItemViewModel.swift */,
				19F9B93324A8FCF500CAAB28 /* MovieGridView.swift */,
				19F9B93524A8FD0000CAAB28 /* MovieGridItemView.swift */,
				19F9B93724A8FD0A00CAAB28 /* MovieGridItemViewModel.swift */,
				191E1A042357396900D8963A /* MovieDetailView.swift */,
				191E1A062357396E00D8963A /* MovieDetailViewModel.swift */,
				191E1A082357397800D8963A /* CommentPostingView.swift */,
				191E1A0A2357397E00D8963A /* CommentPostingViewModel.swift */,
				1984CB51235F59E800E4B20E /* MovieRetryView.swift */,
				1998CA9A24AB24CF003D592A /* Parts */,
				1998CA9B24AB266C003D592A /* Extension */,
			);
			path = View;
			sourceTree = "<group>";
		};
		19163945235852ED002B9EC1 /* Model */ = {
			isa = PBXGroup;
			children = (
				191E1A0C235739D700D8963A /* MoviesResponseModel.swift */,
				191E1A0E235739DE00D8963A /* MovieDetailResponseModel.swift */,
				191E1A1023573BB600D8963A /* CommentsResponseModel.swift */,
				19163953235956A6002B9EC1 /* CommentPostingResponseModel.swift */,
				191E1A1223573C2100D8963A /* Comment.swift */,
			);
			path = Model;
			sourceTree = "<group>";
		};
		19163946235852F0002B9EC1 /* Network */ = {
			isa = PBXGroup;
			children = (
				19FABE442680D01C00810611 /* Manager */,
				19FABE412680CFCE00810611 /* Service */,
				1984CB5F2360226F00E4B20E /* Target */,
				1984CB552360116300E4B20E /* HTTPMethod.swift */,
				1984CB5923601B5B00E4B20E /* Target.swift */,
				1984CB5D23601BD000E4B20E /* TargetVersion.swift */,
				19340CB32680B42700E88186 /* APIError.swift */,
			);
			path = Network;
			sourceTree = "<group>";
		};
		1916394723585305002B9EC1 /* Extension */ = {
			isa = PBXGroup;
			children = (
				1916395123594BA3002B9EC1 /* DateFormatter+.swift */,
				1998CA9E24AB6557003D592A /* NumberFormatter+.swift */,
			);
			path = Extension;
			sourceTree = "<group>";
		};
		191E19E22357371D00D8963A = {
			isa = PBXGroup;
			children = (
				19340D152680BEEC00E88186 /* iOS */,
				190679F7268E0EDC004C6FEC /* iOS Widgets */,
				19340CE82680BE5E00E88186 /* Frameworks */,
				191E19EC2357371D00D8963A /* Products */,
			);
			sourceTree = "<group>";
		};
		191E19EC2357371D00D8963A /* Products */ = {
			isa = PBXGroup;
			children = (
				191E19EB2357371D00D8963A /* BoxOffice.app */,
				190679F4268E0EDC004C6FEC /* BoxOffice iOS Widgets.appex */,
			);
			name = Products;
			sourceTree = "<group>";
		};
		191E19F62357371E00D8963A /* Preview Content */ = {
			isa = PBXGroup;
			children = (
				191E19F72357371E00D8963A /* Preview Assets.xcassets */,
			);
			path = "Preview Content";
			sourceTree = "<group>";
		};
		19340CE82680BE5E00E88186 /* Frameworks */ = {
			isa = PBXGroup;
			children = (
				19340CE92680BE5E00E88186 /* WidgetKit.framework */,
				19340CEB2680BE5E00E88186 /* SwiftUI.framework */,
			);
			name = Frameworks;
			sourceTree = "<group>";
		};
		19340D152680BEEC00E88186 /* iOS */ = {
			isa = PBXGroup;
			children = (
				1916394123584AFC002B9EC1 /* Sources */,
				1916394223584B00002B9EC1 /* Resources */,
				19340CB52680BC6E00E88186 /* BoxOfficeApp.swift */,
				191E19FC2357371E00D8963A /* Info.plist */,
			);
			path = iOS;
			sourceTree = "<group>";
		};
		1984CB5F2360226F00E4B20E /* Target */ = {
			isa = PBXGroup;
			children = (
				1984CB602360227F00E4B20E /* MoviesTarget.swift */,
				1984CB622360228500E4B20E /* MovieTarget.swift */,
				1984CB642360228B00E4B20E /* CommentsTarget.swift */,
				1984CB662360229000E4B20E /* CommentPostingTarget.swift */,
			);
			path = Target;
			sourceTree = "<group>";
		};
		1998CA9A24AB24CF003D592A /* Parts */ = {
			isa = PBXGroup;
			children = (
				1984CB53235F610900E4B20E /* MultipleSpacer.swift */,
				19F9B93C24AA39D000CAAB28 /* PosterImage.swift */,
				1916394F2358C68D002B9EC1 /* StarRatingBar.swift */,
				192103CC269AE9330063AA78 /* CircularProgressView.swift */,
			);
			path = Parts;
			sourceTree = "<group>";
		};
		1998CA9B24AB266C003D592A /* Extension */ = {
			isa = PBXGroup;
			children = (
				1998CA9C24AB2679003D592A /* Text+.swift */,
				192103C8269AD0C00063AA78 /* MovieMainViewNavigationBarStyle.swift */,
			);
			path = Extension;
			sourceTree = "<group>";
		};
		19FABE412680CFCE00810611 /* Service */ = {
			isa = PBXGroup;
			children = (
				19FABE422680CFD800810611 /* APIServiceProtocol.swift */,
				191E1A142357461800D8963A /* APIService.swift */,
				19FABE3F2680CFBA00810611 /* MockAPIService.swift */,
			);
			path = Service;
			sourceTree = "<group>";
		};
		19FABE442680D01C00810611 /* Manager */ = {
			isa = PBXGroup;
			children = (
				19FABE452680D02B00810611 /* NetworkManagerProtocol.swift */,
				1984CB57236018DF00E4B20E /* NetworkManager.swift */,
				19FABE472680D04200810611 /* MockNetworkManager.swift */,
			);
			path = Manager;
			sourceTree = "<group>";
		};
/* End PBXGroup section */

/* Begin PBXNativeTarget section */
		190679F3268E0EDC004C6FEC /* BoxOffice iOS Widgets */ = {
			isa = PBXNativeTarget;
			buildConfigurationList = 19067A03268E0EDE004C6FEC /* Build configuration list for PBXNativeTarget "BoxOffice iOS Widgets" */;
			buildPhases = (
				190679F0268E0EDC004C6FEC /* Sources */,
				190679F1268E0EDC004C6FEC /* Frameworks */,
				190679F2268E0EDC004C6FEC /* Resources */,
			);
			buildRules = (
			);
			dependencies = (
			);
			name = "BoxOffice iOS Widgets";
			productName = "ios-widgetsExtension";
			productReference = 190679F4268E0EDC004C6FEC /* BoxOffice iOS Widgets.appex */;
			productType = "com.apple.product-type.app-extension";
		};
		191E19EA2357371D00D8963A /* BoxOffice */ = {
			isa = PBXNativeTarget;
			buildConfigurationList = 191E19FF2357371E00D8963A /* Build configuration list for PBXNativeTarget "BoxOffice" */;
			buildPhases = (
				191E19E72357371D00D8963A /* Sources */,
				191E19E82357371D00D8963A /* Frameworks */,
				191E19E92357371D00D8963A /* Resources */,
				19340CCE2680BE3C00E88186 /* Embed App Clips */,
				19340CFC2680BE5F00E88186 /* Embed App Extensions */,
			);
			buildRules = (
			);
			dependencies = (
				19067A01268E0EDE004C6FEC /* PBXTargetDependency */,
			);
			name = BoxOffice;
			productName = BoxOffice_SwiftUI;
			productReference = 191E19EB2357371D00D8963A /* BoxOffice.app */;
			productType = "com.apple.product-type.application";
		};
/* End PBXNativeTarget section */

/* Begin PBXProject section */
		191E19E32357371D00D8963A /* Project object */ = {
			isa = PBXProject;
			attributes = {
				LastSwiftUpdateCheck = 1250;
				LastUpgradeCheck = 1200;
				ORGANIZATIONNAME = presto;
				TargetAttributes = {
					190679F3268E0EDC004C6FEC = {
						CreatedOnToolsVersion = 12.5.1;
					};
					191E19EA2357371D00D8963A = {
						CreatedOnToolsVersion = 11.1;
					};
				};
			};
			buildConfigurationList = 191E19E62357371D00D8963A /* Build configuration list for PBXProject "BoxOffice_SwiftUI" */;
			compatibilityVersion = "Xcode 9.3";
			developmentRegion = en;
			hasScannedForEncodings = 0;
			knownRegions = (
				en,
				Base,
			);
			mainGroup = 191E19E22357371D00D8963A;
			productRefGroup = 191E19EC2357371D00D8963A /* Products */;
			projectDirPath = "";
			projectRoot = "";
			targets = (
				191E19EA2357371D00D8963A /* BoxOffice */,
				190679F3268E0EDC004C6FEC /* BoxOffice iOS Widgets */,
			);
		};
/* End PBXProject section */

/* Begin PBXResourcesBuildPhase section */
		190679F2268E0EDC004C6FEC /* Resources */ = {
			isa = PBXResourcesBuildPhase;
			buildActionMask = 2147483647;
			files = (
				190679FC268E0EDE004C6FEC /* Assets.xcassets in Resources */,
			);
			runOnlyForDeploymentPostprocessing = 0;
		};
		191E19E92357371D00D8963A /* Resources */ = {
			isa = PBXResourcesBuildPhase;
			buildActionMask = 2147483647;
			files = (
				191E19F82357371E00D8963A /* Preview Assets.xcassets in Resources */,
				191E19F52357371E00D8963A /* Assets.xcassets in Resources */,
			);
			runOnlyForDeploymentPostprocessing = 0;
		};
/* End PBXResourcesBuildPhase section */

/* Begin PBXSourcesBuildPhase section */
		190679F0268E0EDC004C6FEC /* Sources */ = {
			isa = PBXSourcesBuildPhase;
			buildActionMask = 2147483647;
			files = (
				19067A06268E0F81004C6FEC /* SampleWidget.swift in Sources */,
				19067A07268E0F81004C6FEC /* BoxOfficeWidgetBundle.swift in Sources */,
			);
			runOnlyForDeploymentPostprocessing = 0;
		};
		191E19E72357371D00D8963A /* Sources */ = {
			isa = PBXSourcesBuildPhase;
			buildActionMask = 2147483647;
			files = (
				1984CB672360229000E4B20E /* CommentPostingTarget.swift in Sources */,
				191E1A052357396900D8963A /* MovieDetailView.swift in Sources */,
				1984CB5A23601B5B00E4B20E /* Target.swift in Sources */,
				191639502358C68D002B9EC1 /* StarRatingBar.swift in Sources */,
				19F9B93D24AA39D100CAAB28 /* PosterImage.swift in Sources */,
				191E1A0F235739DE00D8963A /* MovieDetailResponseModel.swift in Sources */,
				19F9B93024A8EA9B00CAAB28 /* MovieListItemView.swift in Sources */,
				191E1A152357461800D8963A /* APIService.swift in Sources */,
				19163954235956A6002B9EC1 /* CommentPostingResponseModel.swift in Sources */,
				1984CB54235F610900E4B20E /* MultipleSpacer.swift in Sources */,
				191E1A0D235739D700D8963A /* MoviesResponseModel.swift in Sources */,
				191E1A072357396E00D8963A /* MovieDetailViewModel.swift in Sources */,
				192103C7269ABE650063AA78 /* DIContainer.swift in Sources */,
				191E1A1123573BB600D8963A /* CommentsResponseModel.swift in Sources */,
				1916394C2358589C002B9EC1 /* StarType.swift in Sources */,
				1998CA9F24AB6557003D592A /* NumberFormatter+.swift in Sources */,
				1984CB52235F59E800E4B20E /* MovieRetryView.swift in Sources */,
				191E1A0B2357397E00D8963A /* CommentPostingViewModel.swift in Sources */,
				1984CB58236018DF00E4B20E /* NetworkManager.swift in Sources */,
				1984CB562360116300E4B20E /* HTTPMethod.swift in Sources */,
				19FABE402680CFBA00810611 /* MockAPIService.swift in Sources */,
				1984CB5E23601BD000E4B20E /* TargetVersion.swift in Sources */,
				191E1A1F2357725200D8963A /* Grade.swift in Sources */,
				19F9B93224A8EC4000CAAB28 /* MovieListItemViewModel.swift in Sources */,
				1984CB69236023FE00E4B20E /* Cache.swift in Sources */,
				191E19F32357371D00D8963A /* MovieMainView.swift in Sources */,
				1984CB652360228B00E4B20E /* CommentsTarget.swift in Sources */,
				19FABE482680D04200810611 /* MockNetworkManager.swift in Sources */,
				191E1A032357396000D8963A /* MovieMainViewModel.swift in Sources */,
				191E1A092357397800D8963A /* CommentPostingView.swift in Sources */,
				19FABE462680D02B00810611 /* NetworkManagerProtocol.swift in Sources */,
				19F9B93824A8FD0A00CAAB28 /* MovieGridItemViewModel.swift in Sources */,
				19F9B93424A8FCF500CAAB28 /* MovieGridView.swift in Sources */,
				19340CB42680B42700E88186 /* APIError.swift in Sources */,
				1998CA9D24AB2679003D592A /* Text+.swift in Sources */,
				19FABE432680CFD800810611 /* APIServiceProtocol.swift in Sources */,
				192103CD269AE9330063AA78 /* CircularProgressView.swift in Sources */,
				1916395223594BA3002B9EC1 /* DateFormatter+.swift in Sources */,
				192103C9269AD0C00063AA78 /* MovieMainViewNavigationBarStyle.swift in Sources */,
				19F9B93624A8FD0000CAAB28 /* MovieGridItemView.swift in Sources */,
				191E1A172357552000D8963A /* SortMethod.swift in Sources */,
				1984CB632360228500E4B20E /* MovieTarget.swift in Sources */,
				191E1A1323573C2100D8963A /* Comment.swift in Sources */,
				19340CB62680BC6E00E88186 /* BoxOfficeApp.swift in Sources */,
				1984CB612360227F00E4B20E /* MoviesTarget.swift in Sources */,
				19F9B92E24A8E98800CAAB28 /* MovieListView.swift in Sources */,
			);
			runOnlyForDeploymentPostprocessing = 0;
		};
/* End PBXSourcesBuildPhase section */

/* Begin PBXTargetDependency section */
		19067A01268E0EDE004C6FEC /* PBXTargetDependency */ = {
			isa = PBXTargetDependency;
			target = 190679F3268E0EDC004C6FEC /* BoxOffice iOS Widgets */;
			targetProxy = 19067A00268E0EDE004C6FEC /* PBXContainerItemProxy */;
		};
/* End PBXTargetDependency section */

/* Begin XCBuildConfiguration section */
		19067A04268E0EDE004C6FEC /* Debug */ = {
			isa = XCBuildConfiguration;
			buildSettings = {
				ASSETCATALOG_COMPILER_GLOBAL_ACCENT_COLOR_NAME = AccentColor;
				ASSETCATALOG_COMPILER_WIDGET_BACKGROUND_COLOR_NAME = WidgetBackground;
				CODE_SIGN_STYLE = Automatic;
				DEVELOPMENT_TEAM = H79MF628K3;
				INFOPLIST_FILE = "iOS Widgets/Info.plist";
				LD_RUNPATH_SEARCH_PATHS = (
					"$(inherited)",
					"@executable_path/Frameworks",
					"@executable_path/../../Frameworks",
				);
				PRODUCT_BUNDLE_IDENTIFIER = "com.presto.BoxOffice-SwiftUI.ios-widgets";
				PRODUCT_NAME = "$(TARGET_NAME)";
				SKIP_INSTALL = YES;
				SWIFT_VERSION = 5.0;
				TARGETED_DEVICE_FAMILY = "1,2";
			};
			name = Debug;
		};
		19067A05268E0EDE004C6FEC /* Release */ = {
			isa = XCBuildConfiguration;
			buildSettings = {
				ASSETCATALOG_COMPILER_GLOBAL_ACCENT_COLOR_NAME = AccentColor;
				ASSETCATALOG_COMPILER_WIDGET_BACKGROUND_COLOR_NAME = WidgetBackground;
				CODE_SIGN_STYLE = Automatic;
				DEVELOPMENT_TEAM = H79MF628K3;
				INFOPLIST_FILE = "iOS Widgets/Info.plist";
				LD_RUNPATH_SEARCH_PATHS = (
					"$(inherited)",
					"@executable_path/Frameworks",
					"@executable_path/../../Frameworks",
				);
				PRODUCT_BUNDLE_IDENTIFIER = "com.presto.BoxOffice-SwiftUI.ios-widgets";
				PRODUCT_NAME = "$(TARGET_NAME)";
				SKIP_INSTALL = YES;
				SWIFT_VERSION = 5.0;
				TARGETED_DEVICE_FAMILY = "1,2";
			};
			name = Release;
		};
		191E19FD2357371E00D8963A /* Debug */ = {
			isa = XCBuildConfiguration;
			buildSettings = {
				ALWAYS_SEARCH_USER_PATHS = NO;
				CLANG_ANALYZER_NONNULL = YES;
				CLANG_ANALYZER_NUMBER_OBJECT_CONVERSION = YES_AGGRESSIVE;
				CLANG_CXX_LANGUAGE_STANDARD = "gnu++14";
				CLANG_CXX_LIBRARY = "libc++";
				CLANG_ENABLE_MODULES = YES;
				CLANG_ENABLE_OBJC_ARC = YES;
				CLANG_ENABLE_OBJC_WEAK = YES;
				CLANG_WARN_BLOCK_CAPTURE_AUTORELEASING = YES;
				CLANG_WARN_BOOL_CONVERSION = YES;
				CLANG_WARN_COMMA = YES;
				CLANG_WARN_CONSTANT_CONVERSION = YES;
				CLANG_WARN_DEPRECATED_OBJC_IMPLEMENTATIONS = YES;
				CLANG_WARN_DIRECT_OBJC_ISA_USAGE = YES_ERROR;
				CLANG_WARN_DOCUMENTATION_COMMENTS = YES;
				CLANG_WARN_EMPTY_BODY = YES;
				CLANG_WARN_ENUM_CONVERSION = YES;
				CLANG_WARN_INFINITE_RECURSION = YES;
				CLANG_WARN_INT_CONVERSION = YES;
				CLANG_WARN_NON_LITERAL_NULL_CONVERSION = YES;
				CLANG_WARN_OBJC_IMPLICIT_RETAIN_SELF = YES;
				CLANG_WARN_OBJC_LITERAL_CONVERSION = YES;
				CLANG_WARN_OBJC_ROOT_CLASS = YES_ERROR;
				CLANG_WARN_QUOTED_INCLUDE_IN_FRAMEWORK_HEADER = YES;
				CLANG_WARN_RANGE_LOOP_ANALYSIS = YES;
				CLANG_WARN_STRICT_PROTOTYPES = YES;
				CLANG_WARN_SUSPICIOUS_MOVE = YES;
				CLANG_WARN_UNGUARDED_AVAILABILITY = YES_AGGRESSIVE;
				CLANG_WARN_UNREACHABLE_CODE = YES;
				CLANG_WARN__DUPLICATE_METHOD_MATCH = YES;
				COPY_PHASE_STRIP = NO;
				DEBUG_INFORMATION_FORMAT = dwarf;
				ENABLE_STRICT_OBJC_MSGSEND = YES;
				ENABLE_TESTABILITY = YES;
				GCC_C_LANGUAGE_STANDARD = gnu11;
				GCC_DYNAMIC_NO_PIC = NO;
				GCC_NO_COMMON_BLOCKS = YES;
				GCC_OPTIMIZATION_LEVEL = 0;
				GCC_PREPROCESSOR_DEFINITIONS = (
					"DEBUG=1",
					"$(inherited)",
				);
				GCC_WARN_64_TO_32_BIT_CONVERSION = YES;
				GCC_WARN_ABOUT_RETURN_TYPE = YES_ERROR;
				GCC_WARN_UNDECLARED_SELECTOR = YES;
				GCC_WARN_UNINITIALIZED_AUTOS = YES_AGGRESSIVE;
				GCC_WARN_UNUSED_FUNCTION = YES;
				GCC_WARN_UNUSED_VARIABLE = YES;
				IPHONEOS_DEPLOYMENT_TARGET = 14.5;
				MTL_ENABLE_DEBUG_INFO = INCLUDE_SOURCE;
				MTL_FAST_MATH = YES;
				ONLY_ACTIVE_ARCH = YES;
				SDKROOT = iphoneos;
				SWIFT_ACTIVE_COMPILATION_CONDITIONS = DEBUG;
				SWIFT_OPTIMIZATION_LEVEL = "-Onone";
			};
			name = Debug;
		};
		191E19FE2357371E00D8963A /* Release */ = {
			isa = XCBuildConfiguration;
			buildSettings = {
				ALWAYS_SEARCH_USER_PATHS = NO;
				CLANG_ANALYZER_NONNULL = YES;
				CLANG_ANALYZER_NUMBER_OBJECT_CONVERSION = YES_AGGRESSIVE;
				CLANG_CXX_LANGUAGE_STANDARD = "gnu++14";
				CLANG_CXX_LIBRARY = "libc++";
				CLANG_ENABLE_MODULES = YES;
				CLANG_ENABLE_OBJC_ARC = YES;
				CLANG_ENABLE_OBJC_WEAK = YES;
				CLANG_WARN_BLOCK_CAPTURE_AUTORELEASING = YES;
				CLANG_WARN_BOOL_CONVERSION = YES;
				CLANG_WARN_COMMA = YES;
				CLANG_WARN_CONSTANT_CONVERSION = YES;
				CLANG_WARN_DEPRECATED_OBJC_IMPLEMENTATIONS = YES;
				CLANG_WARN_DIRECT_OBJC_ISA_USAGE = YES_ERROR;
				CLANG_WARN_DOCUMENTATION_COMMENTS = YES;
				CLANG_WARN_EMPTY_BODY = YES;
				CLANG_WARN_ENUM_CONVERSION = YES;
				CLANG_WARN_INFINITE_RECURSION = YES;
				CLANG_WARN_INT_CONVERSION = YES;
				CLANG_WARN_NON_LITERAL_NULL_CONVERSION = YES;
				CLANG_WARN_OBJC_IMPLICIT_RETAIN_SELF = YES;
				CLANG_WARN_OBJC_LITERAL_CONVERSION = YES;
				CLANG_WARN_OBJC_ROOT_CLASS = YES_ERROR;
				CLANG_WARN_QUOTED_INCLUDE_IN_FRAMEWORK_HEADER = YES;
				CLANG_WARN_RANGE_LOOP_ANALYSIS = YES;
				CLANG_WARN_STRICT_PROTOTYPES = YES;
				CLANG_WARN_SUSPICIOUS_MOVE = YES;
				CLANG_WARN_UNGUARDED_AVAILABILITY = YES_AGGRESSIVE;
				CLANG_WARN_UNREACHABLE_CODE = YES;
				CLANG_WARN__DUPLICATE_METHOD_MATCH = YES;
				COPY_PHASE_STRIP = NO;
				DEBUG_INFORMATION_FORMAT = "dwarf-with-dsym";
				ENABLE_NS_ASSERTIONS = NO;
				ENABLE_STRICT_OBJC_MSGSEND = YES;
				GCC_C_LANGUAGE_STANDARD = gnu11;
				GCC_NO_COMMON_BLOCKS = YES;
				GCC_WARN_64_TO_32_BIT_CONVERSION = YES;
				GCC_WARN_ABOUT_RETURN_TYPE = YES_ERROR;
				GCC_WARN_UNDECLARED_SELECTOR = YES;
				GCC_WARN_UNINITIALIZED_AUTOS = YES_AGGRESSIVE;
				GCC_WARN_UNUSED_FUNCTION = YES;
				GCC_WARN_UNUSED_VARIABLE = YES;
				IPHONEOS_DEPLOYMENT_TARGET = 14.5;
				MTL_ENABLE_DEBUG_INFO = NO;
				MTL_FAST_MATH = YES;
				SDKROOT = iphoneos;
				SWIFT_COMPILATION_MODE = wholemodule;
				SWIFT_OPTIMIZATION_LEVEL = "-O";
				VALIDATE_PRODUCT = YES;
			};
			name = Release;
		};
		191E1A002357371E00D8963A /* Debug */ = {
			isa = XCBuildConfiguration;
			buildSettings = {
				ALWAYS_EMBED_SWIFT_STANDARD_LIBRARIES = YES;
				ASSETCATALOG_COMPILER_APPICON_NAME = AppIcon;
				CODE_SIGN_ENTITLEMENTS = "BoxOffice iOS.entitlements";
				CODE_SIGN_STYLE = Automatic;
				DEVELOPMENT_ASSET_PATHS = "\"iOS/Resources/Preview Content\"";
				DEVELOPMENT_TEAM = H79MF628K3;
				ENABLE_PREVIEWS = YES;
				INFOPLIST_FILE = iOS/Info.plist;
				IPHONEOS_DEPLOYMENT_TARGET = 14.5;
				LD_RUNPATH_SEARCH_PATHS = (
					"$(inherited)",
					"@executable_path/Frameworks",
				);
				PRODUCT_BUNDLE_IDENTIFIER = "com.presto.BoxOffice-SwiftUI";
				PRODUCT_NAME = "$(TARGET_NAME)";
				SUPPORTS_MACCATALYST = NO;
				SWIFT_VERSION = 5.0;
				TARGETED_DEVICE_FAMILY = 1;
			};
			name = Debug;
		};
		191E1A012357371E00D8963A /* Release */ = {
			isa = XCBuildConfiguration;
			buildSettings = {
				ALWAYS_EMBED_SWIFT_STANDARD_LIBRARIES = YES;
				ASSETCATALOG_COMPILER_APPICON_NAME = AppIcon;
				CODE_SIGN_ENTITLEMENTS = "BoxOffice iOS.entitlements";
				CODE_SIGN_STYLE = Automatic;
				DEVELOPMENT_ASSET_PATHS = "\"iOS/Resources/Preview Content\"";
				DEVELOPMENT_TEAM = H79MF628K3;
				ENABLE_PREVIEWS = YES;
				INFOPLIST_FILE = iOS/Info.plist;
				IPHONEOS_DEPLOYMENT_TARGET = 14.5;
				LD_RUNPATH_SEARCH_PATHS = (
					"$(inherited)",
					"@executable_path/Frameworks",
				);
				PRODUCT_BUNDLE_IDENTIFIER = "com.presto.BoxOffice-SwiftUI";
				PRODUCT_NAME = "$(TARGET_NAME)";
				SUPPORTS_MACCATALYST = NO;
				SWIFT_VERSION = 5.0;
				TARGETED_DEVICE_FAMILY = 1;
			};
			name = Release;
		};
/* End XCBuildConfiguration section */

/* Begin XCConfigurationList section */
		19067A03268E0EDE004C6FEC /* Build configuration list for PBXNativeTarget "BoxOffice iOS Widgets" */ = {
			isa = XCConfigurationList;
			buildConfigurations = (
				19067A04268E0EDE004C6FEC /* Debug */,
				19067A05268E0EDE004C6FEC /* Release */,
			);
			defaultConfigurationIsVisible = 0;
			defaultConfigurationName = Release;
		};
		191E19E62357371D00D8963A /* Build configuration list for PBXProject "BoxOffice_SwiftUI" */ = {
			isa = XCConfigurationList;
			buildConfigurations = (
				191E19FD2357371E00D8963A /* Debug */,
				191E19FE2357371E00D8963A /* Release */,
			);
			defaultConfigurationIsVisible = 0;
			defaultConfigurationName = Release;
		};
		191E19FF2357371E00D8963A /* Build configuration list for PBXNativeTarget "BoxOffice" */ = {
			isa = XCConfigurationList;
			buildConfigurations = (
				191E1A002357371E00D8963A /* Debug */,
				191E1A012357371E00D8963A /* Release */,
			);
			defaultConfigurationIsVisible = 0;
			defaultConfigurationName = Release;
		};
/* End XCConfigurationList section */
	};
	rootObject = 191E19E32357371D00D8963A /* Project object */;
}
